
Microsoft Visual Studio Solution File, Format Version 12.00
# Visual Studio 15
VisualStudioVersion = 15.0.28307.1267
MinimumVisualStudioVersion = 10.0.40219.1
Project("{FAE04EC0-301F-11D3-BF4B-00C04F79EFBC}") = "modeluyduarayüz", "modeluyduarayüz\modeluyduarayüz.csproj", "{DE81EAF1-B6FD-4F63-A418-8908EC7F8298}"
EndProject
Global
	GlobalSection(SolutionConfigurationPlatforms) = preSolution
		Debug|Any CPU = Debug|Any CPU
		Release|Any CPU = Release|Any CPU
	EndGlobalSection
	GlobalSection(ProjectConfigurationPlatforms) = postSolution
		{DE81EAF1-B6FD-4F63-A418-8908EC7F8298}.Debug|Any CPU.ActiveCfg = Debug|Any CPU
		{DE81EAF1-B6FD-4F63-A418-8908EC7F8298}.Debug|Any CPU.Build.0 = Debug|Any CPU
		{DE81EAF1-B6FD-4F63-A418-8908EC7F8298}.Release|Any CPU.ActiveCfg = Release|Any CPU
		{DE81EAF1-B6FD-4F63-A418-8908EC7F8298}.Release|Any CPU.Build.0 = Release|Any CPU
	EndGlobalSection
	GlobalSection(SolutionProperties) = preSolution
		HideSolutionNode = FALSE
	EndGlobalSection
	GlobalSection(ExtensibilityGlobals) = postSolution
		SolutionGuid = {E9D73F38-5A3A-41C2-A1EE-6687CB0CF88D}
	EndGlobalSection
EndGlobal
